
Microsoft Visual Studio Solution File, Format Version 10.00
# Visual Studio 2008
Project("{FAE04EC0-301F-11D3-BF4B-00C04F79EFBC}") = "CustomControl", "CustomControl\CustomControl.csproj", "{3804376A-F070-4DDD-997B-96098E03F899}"
EndProject
Global
	GlobalSection(SolutionConfigurationPlatforms) = preSolution
		Debug|Any CPU = Debug|Any CPU
		Release|Any CPU = Release|Any CPU
	EndGlobalSection
	GlobalSection(ProjectConfigurationPlatforms) = postSolution
		{3804376A-F070-4DDD-997B-96098E03F899}.Debug|Any CPU.ActiveCfg = Debug|Any CPU
		{3804376A-F070-4DDD-997B-96098E03F899}.Debug|Any CPU.Build.0 = Debug|Any CPU
		{3804376A-F070-4DDD-997B-96098E03F899}.Release|Any CPU.ActiveCfg = Release|Any CPU
		{3804376A-F070-4DDD-997B-96098E03F899}.Release|Any CPU.Build.0 = Release|Any CPU
	EndGlobalSection
	GlobalSection(SolutionProperties) = preSolution
		HideSolutionNode = FALSE
	EndGlobalSection
EndGlobal
