
Microsoft Visual Studio Solution File, Format Version 12.00
# Visual Studio Version 16
VisualStudioVersion = 16.0.29102.190
MinimumVisualStudioVersion = 10.0.40219.1
Project("{FAE04EC0-301F-11D3-BF4B-00C04F79EFBC}") = "AD_CMS", "AD_CMS\AD_CMS.csproj", "{1B2A97AE-1389-4F63-BB07-B2AB1FB866AF}"
EndProject
Project("{FAE04EC0-301F-11D3-BF4B-00C04F79EFBC}") = "AD_CMS_Entity", "AD_CMS_Entity\AD_CMS_Entity.csproj", "{F3367E86-BF90-4FBF-A70B-3A81C2E40F1B}"
EndProject
Project("{FAE04EC0-301F-11D3-BF4B-00C04F79EFBC}") = "AD_CMS_DatabaseModel", "AD_CMS_DatabaseModel\AD_CMS_DatabaseModel.csproj", "{FC9A7B85-2953-4E37-823F-10535E40AA6E}"
EndProject
Global
	GlobalSection(SolutionConfigurationPlatforms) = preSolution
		Debug|Any CPU = Debug|Any CPU
		Release|Any CPU = Release|Any CPU
	EndGlobalSection
	GlobalSection(ProjectConfigurationPlatforms) = postSolution
		{1B2A97AE-1389-4F63-BB07-B2AB1FB866AF}.Debug|Any CPU.ActiveCfg = Debug|Any CPU
		{1B2A97AE-1389-4F63-BB07-B2AB1FB866AF}.Debug|Any CPU.Build.0 = Debug|Any CPU
		{1B2A97AE-1389-4F63-BB07-B2AB1FB866AF}.Release|Any CPU.ActiveCfg = Release|Any CPU
		{1B2A97AE-1389-4F63-BB07-B2AB1FB866AF}.Release|Any CPU.Build.0 = Release|Any CPU
		{F3367E86-BF90-4FBF-A70B-3A81C2E40F1B}.Debug|Any CPU.ActiveCfg = Debug|Any CPU
		{F3367E86-BF90-4FBF-A70B-3A81C2E40F1B}.Debug|Any CPU.Build.0 = Debug|Any CPU
		{F3367E86-BF90-4FBF-A70B-3A81C2E40F1B}.Release|Any CPU.ActiveCfg = Release|Any CPU
		{F3367E86-BF90-4FBF-A70B-3A81C2E40F1B}.Release|Any CPU.Build.0 = Release|Any CPU
		{FC9A7B85-2953-4E37-823F-10535E40AA6E}.Debug|Any CPU.ActiveCfg = Debug|Any CPU
		{FC9A7B85-2953-4E37-823F-10535E40AA6E}.Debug|Any CPU.Build.0 = Debug|Any CPU
		{FC9A7B85-2953-4E37-823F-10535E40AA6E}.Release|Any CPU.ActiveCfg = Release|Any CPU
		{FC9A7B85-2953-4E37-823F-10535E40AA6E}.Release|Any CPU.Build.0 = Release|Any CPU
	EndGlobalSection
	GlobalSection(SolutionProperties) = preSolution
		HideSolutionNode = FALSE
	EndGlobalSection
	GlobalSection(ExtensibilityGlobals) = postSolution
		SolutionGuid = {8F35256D-4750-4382-9CE8-AD3CB942663A}
	EndGlobalSection
EndGlobal
